// !$*UTF8*$!
{
	archiveVersion = 1;
	classes = {
	};
	objectVersion = 55;
	objects = {

/* Begin PBXBuildFile section */
		13225996277CB7F10056CF36 /* quiz1.csv in Resources */ = {isa = PBXBuildFile; fileRef = 13225995277CB7F10056CF36 /* quiz1.csv */; };
		13225998277CB9250056CF36 /* QuizViewController.swift in Sources */ = {isa = PBXBuildFile; fileRef = 13225997277CB9250056CF36 /* QuizViewController.swift */; };
		1327699927787DBB0010310F /* IhanViewController.swift in Sources */ = {isa = PBXBuildFile; fileRef = 1327699827787DBB0010310F /* IhanViewController.swift */; };
		132F017F2778611F00A81796 /* AppDelegate.swift in Sources */ = {isa = PBXBuildFile; fileRef = 132F017E2778611F00A81796 /* AppDelegate.swift */; };
		132F01812778611F00A81796 /* SceneDelegate.swift in Sources */ = {isa = PBXBuildFile; fileRef = 132F01802778611F00A81796 /* SceneDelegate.swift */; };
		132F01832778611F00A81796 /* ViewController.swift in Sources */ = {isa = PBXBuildFile; fileRef = 132F01822778611F00A81796 /* ViewController.swift */; };
		132F01862778611F00A81796 /* Main.storyboard in Resources */ = {isa = PBXBuildFile; fileRef = 132F01842778611F00A81796 /* Main.storyboard */; };
		132F01882778612100A81796 /* Assets.xcassets in Resources */ = {isa = PBXBuildFile; fileRef = 132F01872778612100A81796 /* Assets.xcassets */; };
		132F018B2778612100A81796 /* LaunchScreen.storyboard in Resources */ = {isa = PBXBuildFile; fileRef = 132F01892778612100A81796 /* LaunchScreen.storyboard */; };
		132F019327786A6500A81796 /* QOneViewController.swift in Sources */ = {isa = PBXBuildFile; fileRef = 132F019227786A6500A81796 /* QOneViewController.swift */; };
		135F5E002779BB27004AD5FB /* LastPageViewController.swift in Sources */ = {isa = PBXBuildFile; fileRef = 135F5DFF2779BB27004AD5FB /* LastPageViewController.swift */; };
		135F5E022779F0A5004AD5FB /* alert1.mp3 in Resources */ = {isa = PBXBuildFile; fileRef = 135F5E012779F0A5004AD5FB /* alert1.mp3 */; };
		135F5E042779F13B004AD5FB /* AlertData.swift in Sources */ = {isa = PBXBuildFile; fileRef = 135F5E032779F13B004AD5FB /* AlertData.swift */; };
		135F5E062779F32E004AD5FB /* alert2.mp3 in Resources */ = {isa = PBXBuildFile; fileRef = 135F5E052779F32E004AD5FB /* alert2.mp3 */; };
		135F5E082779FB1D004AD5FB /* ReadMe.md in Resources */ = {isa = PBXBuildFile; fileRef = 135F5E072779FB1D004AD5FB /* ReadMe.md */; };
		13A96C4A2779ACF000A9D196 /* AttentionImageAndTextView.swift in Sources */ = {isa = PBXBuildFile; fileRef = 13A96C492779ACF000A9D196 /* AttentionImageAndTextView.swift */; };
		13A96C4C2779AEEB00A9D196 /* QTwoViewController.swift in Sources */ = {isa = PBXBuildFile; fileRef = 13A96C4B2779AEEB00A9D196 /* QTwoViewController.swift */; };
		13A96C4E2779B1FB00A9D196 /* QThreeViewController.swift in Sources */ = {isa = PBXBuildFile; fileRef = 13A96C4D2779B1FB00A9D196 /* QThreeViewController.swift */; };
		13A96C502779B25600A9D196 /* QFourViewController.swift in Sources */ = {isa = PBXBuildFile; fileRef = 13A96C4F2779B25600A9D196 /* QFourViewController.swift */; };
		13A96C522779B57800A9D196 /* QFiveViewController.swift in Sources */ = {isa = PBXBuildFile; fileRef = 13A96C512779B57800A9D196 /* QFiveViewController.swift */; };
/* End PBXBuildFile section */

/* Begin PBXFileReference section */
		13225995277CB7F10056CF36 /* quiz1.csv */ = {isa = PBXFileReference; lastKnownFileType = text; path = quiz1.csv; sourceTree = "<group>"; };
		13225997277CB9250056CF36 /* QuizViewController.swift */ = {isa = PBXFileReference; lastKnownFileType = sourcecode.swift; path = QuizViewController.swift; sourceTree = "<group>"; };
		1327699827787DBB0010310F /* IhanViewController.swift */ = {isa = PBXFileReference; lastKnownFileType = sourcecode.swift; path = IhanViewController.swift; sourceTree = "<group>"; };
		132F017B2778611F00A81796 /* Rodokijunho.app */ = {isa = PBXFileReference; explicitFileType = wrapper.application; includeInIndex = 0; path = Rodokijunho.app; sourceTree = BUILT_PRODUCTS_DIR; };
		132F017E2778611F00A81796 /* AppDelegate.swift */ = {isa = PBXFileReference; lastKnownFileType = sourcecode.swift; path = AppDelegate.swift; sourceTree = "<group>"; };
		132F01802778611F00A81796 /* SceneDelegate.swift */ = {isa = PBXFileReference; lastKnownFileType = sourcecode.swift; path = SceneDelegate.swift; sourceTree = "<group>"; };
		132F01822778611F00A81796 /* ViewController.swift */ = {isa = PBXFileReference; lastKnownFileType = sourcecode.swift; path = ViewController.swift; sourceTree = "<group>"; };
		132F01852778611F00A81796 /* Base */ = {isa = PBXFileReference; lastKnownFileType = file.storyboard; name = Base; path = Base.lproj/Main.storyboard; sourceTree = "<group>"; };
		132F01872778612100A81796 /* Assets.xcassets */ = {isa = PBXFileReference; lastKnownFileType = folder.assetcatalog; path = Assets.xcassets; sourceTree = "<group>"; };
		132F018A2778612100A81796 /* Base */ = {isa = PBXFileReference; lastKnownFileType = file.storyboard; name = Base; path = Base.lproj/LaunchScreen.storyboard; sourceTree = "<group>"; };
		132F018C2778612100A81796 /* Info.plist */ = {isa = PBXFileReference; lastKnownFileType = text.plist.xml; path = Info.plist; sourceTree = "<group>"; };
		132F019227786A6500A81796 /* QOneViewController.swift */ = {isa = PBXFileReference; lastKnownFileType = sourcecode.swift; path = QOneViewController.swift; sourceTree = "<group>"; };
		135F5DFF2779BB27004AD5FB /* LastPageViewController.swift */ = {isa = PBXFileReference; lastKnownFileType = sourcecode.swift; path = LastPageViewController.swift; sourceTree = "<group>"; };
		135F5E012779F0A5004AD5FB /* alert1.mp3 */ = {isa = PBXFileReference; lastKnownFileType = audio.mp3; path = alert1.mp3; sourceTree = "<group>"; };
		135F5E032779F13B004AD5FB /* AlertData.swift */ = {isa = PBXFileReference; lastKnownFileType = sourcecode.swift; path = AlertData.swift; sourceTree = "<group>"; };
		135F5E052779F32E004AD5FB /* alert2.mp3 */ = {isa = PBXFileReference; lastKnownFileType = audio.mp3; path = alert2.mp3; sourceTree = "<group>"; };
		135F5E072779FB1D004AD5FB /* ReadMe.md */ = {isa = PBXFileReference; lastKnownFileType = net.daringfireball.markdown; path = ReadMe.md; sourceTree = "<group>"; };
		13A96C492779ACF000A9D196 /* AttentionImageAndTextView.swift */ = {isa = PBXFileReference; lastKnownFileType = sourcecode.swift; path = AttentionImageAndTextView.swift; sourceTree = "<group>"; };
		13A96C4B2779AEEB00A9D196 /* QTwoViewController.swift */ = {isa = PBXFileReference; lastKnownFileType = sourcecode.swift; path = QTwoViewController.swift; sourceTree = "<group>"; };
		13A96C4D2779B1FB00A9D196 /* QThreeViewController.swift */ = {isa = PBXFileReference; lastKnownFileType = sourcecode.swift; path = QThreeViewController.swift; sourceTree = "<group>"; };
		13A96C4F2779B25600A9D196 /* QFourViewController.swift */ = {isa = PBXFileReference; lastKnownFileType = sourcecode.swift; path = QFourViewController.swift; sourceTree = "<group>"; };
		13A96C512779B57800A9D196 /* QFiveViewController.swift */ = {isa = PBXFileReference; lastKnownFileType = sourcecode.swift; path = QFiveViewController.swift; sourceTree = "<group>"; };
/* End PBXFileReference section */

/* Begin PBXFrameworksBuildPhase section */
		132F01782778611F00A81796 /* Frameworks */ = {
			isa = PBXFrameworksBuildPhase;
			buildActionMask = 2147483647;
			files = (
			);
			runOnlyForDeploymentPostprocessing = 0;
		};
/* End PBXFrameworksBuildPhase section */

/* Begin PBXGroup section */
		132F01722778611F00A81796 = {
			isa = PBXGroup;
			children = (
				135F5E072779FB1D004AD5FB /* ReadMe.md */,
				132F017D2778611F00A81796 /* Rodokijunho */,
				132F017C2778611F00A81796 /* Products */,
			);
			sourceTree = "<group>";
		};
		132F017C2778611F00A81796 /* Products */ = {
			isa = PBXGroup;
			children = (
				132F017B2778611F00A81796 /* Rodokijunho.app */,
			);
			name = Products;
			sourceTree = "<group>";
		};
		132F017D2778611F00A81796 /* Rodokijunho */ = {
			isa = PBXGroup;
			children = (
				132F017E2778611F00A81796 /* AppDelegate.swift */,
				132F01802778611F00A81796 /* SceneDelegate.swift */,
				132F01822778611F00A81796 /* ViewController.swift */,
				132F019227786A6500A81796 /* QOneViewController.swift */,
				13A96C4B2779AEEB00A9D196 /* QTwoViewController.swift */,
				13A96C4D2779B1FB00A9D196 /* QThreeViewController.swift */,
				13A96C4F2779B25600A9D196 /* QFourViewController.swift */,
				13A96C512779B57800A9D196 /* QFiveViewController.swift */,
				13A96C492779ACF000A9D196 /* AttentionImageAndTextView.swift */,
				135F5E032779F13B004AD5FB /* AlertData.swift */,
				1327699827787DBB0010310F /* IhanViewController.swift */,
				135F5DFF2779BB27004AD5FB /* LastPageViewController.swift */,
				13225997277CB9250056CF36 /* QuizViewController.swift */,
				13225995277CB7F10056CF36 /* quiz1.csv */,
				132F01842778611F00A81796 /* Main.storyboard */,
				132F01872778612100A81796 /* Assets.xcassets */,
				132F01892778612100A81796 /* LaunchScreen.storyboard */,
				132F018C2778612100A81796 /* Info.plist */,
				135F5E012779F0A5004AD5FB /* alert1.mp3 */,
				135F5E052779F32E004AD5FB /* alert2.mp3 */,
			);
			path = Rodokijunho;
			sourceTree = "<group>";
		};
/* End PBXGroup section */

/* Begin PBXNativeTarget section */
		132F017A2778611F00A81796 /* Rodokijunho */ = {
			isa = PBXNativeTarget;
			buildConfigurationList = 132F018F2778612100A81796 /* Build configuration list for PBXNativeTarget "Rodokijunho" */;
			buildPhases = (
				132F01772778611F00A81796 /* Sources */,
				132F01782778611F00A81796 /* Frameworks */,
				132F01792778611F00A81796 /* Resources */,
			);
			buildRules = (
			);
			dependencies = (
			);
			name = Rodokijunho;
			productName = Rodokijunho;
			productReference = 132F017B2778611F00A81796 /* Rodokijunho.app */;
			productType = "com.apple.product-type.application";
		};
/* End PBXNativeTarget section */

/* Begin PBXProject section */
		132F01732778611F00A81796 /* Project object */ = {
			isa = PBXProject;
			attributes = {
				BuildIndependentTargetsInParallel = 1;
				LastSwiftUpdateCheck = 1310;
				LastUpgradeCheck = 1310;
				TargetAttributes = {
					132F017A2778611F00A81796 = {
						CreatedOnToolsVersion = 13.1;
					};
				};
			};
			buildConfigurationList = 132F01762778611F00A81796 /* Build configuration list for PBXProject "Rodokijunho" */;
			compatibilityVersion = "Xcode 13.0";
			developmentRegion = en;
			hasScannedForEncodings = 0;
			knownRegions = (
				en,
				Base,
			);
			mainGroup = 132F01722778611F00A81796;
			productRefGroup = 132F017C2778611F00A81796 /* Products */;
			projectDirPath = "";
			projectRoot = "";
			targets = (
				132F017A2778611F00A81796 /* Rodokijunho */,
			);
		};
/* End PBXProject section */

/* Begin PBXResourcesBuildPhase section */
		132F01792778611F00A81796 /* Resources */ = {
			isa = PBXResourcesBuildPhase;
			buildActionMask = 2147483647;
			files = (
				135F5E062779F32E004AD5FB /* alert2.mp3 in Resources */,
				132F018B2778612100A81796 /* LaunchScreen.storyboard in Resources */,
				135F5E082779FB1D004AD5FB /* ReadMe.md in Resources */,
				13225996277CB7F10056CF36 /* quiz1.csv in Resources */,
				135F5E022779F0A5004AD5FB /* alert1.mp3 in Resources */,
				132F01882778612100A81796 /* Assets.xcassets in Resources */,
				132F01862778611F00A81796 /* Main.storyboard in Resources */,
			);
			runOnlyForDeploymentPostprocessing = 0;
		};
/* End PBXResourcesBuildPhase section */

/* Begin PBXSourcesBuildPhase section */
		132F01772778611F00A81796 /* Sources */ = {
			isa = PBXSourcesBuildPhase;
			buildActionMask = 2147483647;
			files = (
				13A96C4A2779ACF000A9D196 /* AttentionImageAndTextView.swift in Sources */,
				13A96C502779B25600A9D196 /* QFourViewController.swift in Sources */,
				13A96C4C2779AEEB00A9D196 /* QTwoViewController.swift in Sources */,
				1327699927787DBB0010310F /* IhanViewController.swift in Sources */,
				135F5E042779F13B004AD5FB /* AlertData.swift in Sources */,
				132F01832778611F00A81796 /* ViewController.swift in Sources */,
				132F019327786A6500A81796 /* QOneViewController.swift in Sources */,
				13A96C4E2779B1FB00A9D196 /* QThreeViewController.swift in Sources */,
				13225998277CB9250056CF36 /* QuizViewController.swift in Sources */,
				132F017F2778611F00A81796 /* AppDelegate.swift in Sources */,
				13A96C522779B57800A9D196 /* QFiveViewController.swift in Sources */,
				135F5E002779BB27004AD5FB /* LastPageViewController.swift in Sources */,
				132F01812778611F00A81796 /* SceneDelegate.swift in Sources */,
			);
			runOnlyForDeploymentPostprocessing = 0;
		};
/* End PBXSourcesBuildPhase section */

/* Begin PBXVariantGroup section */
		132F01842778611F00A81796 /* Main.storyboard */ = {
			isa = PBXVariantGroup;
			children = (
				132F01852778611F00A81796 /* Base */,
			);
			name = Main.storyboard;
			sourceTree = "<group>";
		};
		132F01892778612100A81796 /* LaunchScreen.storyboard */ = {
			isa = PBXVariantGroup;
			children = (
				132F018A2778612100A81796 /* Base */,
			);
			name = LaunchScreen.storyboard;
			sourceTree = "<group>";
		};
/* End PBXVariantGroup section */

/* Begin XCBuildConfiguration section */
		132F018D2778612100A81796 /* Debug */ = {
			isa = XCBuildConfiguration;
			buildSettings = {
				ALWAYS_SEARCH_USER_PATHS = NO;
				CLANG_ANALYZER_NONNULL = YES;
				CLANG_ANALYZER_NUMBER_OBJECT_CONVERSION = YES_AGGRESSIVE;
				CLANG_CXX_LANGUAGE_STANDARD = "gnu++17";
				CLANG_CXX_LIBRARY = "libc++";
				CLANG_ENABLE_MODULES = YES;
				CLANG_ENABLE_OBJC_ARC = YES;
				CLANG_ENABLE_OBJC_WEAK = YES;
				CLANG_WARN_BLOCK_CAPTURE_AUTORELEASING = YES;
				CLANG_WARN_BOOL_CONVERSION = YES;
				CLANG_WARN_COMMA = YES;
				CLANG_WARN_CONSTANT_CONVERSION = YES;
				CLANG_WARN_DEPRECATED_OBJC_IMPLEMENTATIONS = YES;
				CLANG_WARN_DIRECT_OBJC_ISA_USAGE = YES_ERROR;
				CLANG_WARN_DOCUMENTATION_COMMENTS = YES;
				CLANG_WARN_EMPTY_BODY = YES;
				CLANG_WARN_ENUM_CONVERSION = YES;
				CLANG_WARN_INFINITE_RECURSION = YES;
				CLANG_WARN_INT_CONVERSION = YES;
				CLANG_WARN_NON_LITERAL_NULL_CONVERSION = YES;
				CLANG_WARN_OBJC_IMPLICIT_RETAIN_SELF = YES;
				CLANG_WARN_OBJC_LITERAL_CONVERSION = YES;
				CLANG_WARN_OBJC_ROOT_CLASS = YES_ERROR;
				CLANG_WARN_QUOTED_INCLUDE_IN_FRAMEWORK_HEADER = YES;
				CLANG_WARN_RANGE_LOOP_ANALYSIS = YES;
				CLANG_WARN_STRICT_PROTOTYPES = YES;
				CLANG_WARN_SUSPICIOUS_MOVE = YES;
				CLANG_WARN_UNGUARDED_AVAILABILITY = YES_AGGRESSIVE;
				CLANG_WARN_UNREACHABLE_CODE = YES;
				CLANG_WARN__DUPLICATE_METHOD_MATCH = YES;
				COPY_PHASE_STRIP = NO;
				DEBUG_INFORMATION_FORMAT = dwarf;
				ENABLE_STRICT_OBJC_MSGSEND = YES;
				ENABLE_TESTABILITY = YES;
				GCC_C_LANGUAGE_STANDARD = gnu11;
				GCC_DYNAMIC_NO_PIC = NO;
				GCC_NO_COMMON_BLOCKS = YES;
				GCC_OPTIMIZATION_LEVEL = 0;
				GCC_PREPROCESSOR_DEFINITIONS = (
					"DEBUG=1",
					"$(inherited)",
				);
				GCC_WARN_64_TO_32_BIT_CONVERSION = YES;
				GCC_WARN_ABOUT_RETURN_TYPE = YES_ERROR;
				GCC_WARN_UNDECLARED_SELECTOR = YES;
				GCC_WARN_UNINITIALIZED_AUTOS = YES_AGGRESSIVE;
				GCC_WARN_UNUSED_FUNCTION = YES;
				GCC_WARN_UNUSED_VARIABLE = YES;
				IPHONEOS_DEPLOYMENT_TARGET = 13.0;
				MTL_ENABLE_DEBUG_INFO = INCLUDE_SOURCE;
				MTL_FAST_MATH = YES;
				ONLY_ACTIVE_ARCH = YES;
				SDKROOT = iphoneos;
				SWIFT_ACTIVE_COMPILATION_CONDITIONS = DEBUG;
				SWIFT_OPTIMIZATION_LEVEL = "-Onone";
			};
			name = Debug;
		};
		132F018E2778612100A81796 /* Release */ = {
			isa = XCBuildConfiguration;
			buildSettings = {
				ALWAYS_SEARCH_USER_PATHS = NO;
				CLANG_ANALYZER_NONNULL = YES;
				CLANG_ANALYZER_NUMBER_OBJECT_CONVERSION = YES_AGGRESSIVE;
				CLANG_CXX_LANGUAGE_STANDARD = "gnu++17";
				CLANG_CXX_LIBRARY = "libc++";
				CLANG_ENABLE_MODULES = YES;
				CLANG_ENABLE_OBJC_ARC = YES;
				CLANG_ENABLE_OBJC_WEAK = YES;
				CLANG_WARN_BLOCK_CAPTURE_AUTORELEASING = YES;
				CLANG_WARN_BOOL_CONVERSION = YES;
				CLANG_WARN_COMMA = YES;
				CLANG_WARN_CONSTANT_CONVERSION = YES;
				CLANG_WARN_DEPRECATED_OBJC_IMPLEMENTATIONS = YES;
				CLANG_WARN_DIRECT_OBJC_ISA_USAGE = YES_ERROR;
				CLANG_WARN_DOCUMENTATION_COMMENTS = YES;
				CLANG_WARN_EMPTY_BODY = YES;
				CLANG_WARN_ENUM_CONVERSION = YES;
				CLANG_WARN_INFINITE_RECURSION = YES;
				CLANG_WARN_INT_CONVERSION = YES;
				CLANG_WARN_NON_LITERAL_NULL_CONVERSION = YES;
				CLANG_WARN_OBJC_IMPLICIT_RETAIN_SELF = YES;
				CLANG_WARN_OBJC_LITERAL_CONVERSION = YES;
				CLANG_WARN_OBJC_ROOT_CLASS = YES_ERROR;
				CLANG_WARN_QUOTED_INCLUDE_IN_FRAMEWORK_HEADER = YES;
				CLANG_WARN_RANGE_LOOP_ANALYSIS = YES;
				CLANG_WARN_STRICT_PROTOTYPES = YES;
				CLANG_WARN_SUSPICIOUS_MOVE = YES;
				CLANG_WARN_UNGUARDED_AVAILABILITY = YES_AGGRESSIVE;
				CLANG_WARN_UNREACHABLE_CODE = YES;
				CLANG_WARN__DUPLICATE_METHOD_MATCH = YES;
				COPY_PHASE_STRIP = NO;
				DEBUG_INFORMATION_FORMAT = "dwarf-with-dsym";
				ENABLE_NS_ASSERTIONS = NO;
				ENABLE_STRICT_OBJC_MSGSEND = YES;
				GCC_C_LANGUAGE_STANDARD = gnu11;
				GCC_NO_COMMON_BLOCKS = YES;
				GCC_WARN_64_TO_32_BIT_CONVERSION = YES;
				GCC_WARN_ABOUT_RETURN_TYPE = YES_ERROR;
				GCC_WARN_UNDECLARED_SELECTOR = YES;
				GCC_WARN_UNINITIALIZED_AUTOS = YES_AGGRESSIVE;
				GCC_WARN_UNUSED_FUNCTION = YES;
				GCC_WARN_UNUSED_VARIABLE = YES;
				IPHONEOS_DEPLOYMENT_TARGET = 13.0;
				MTL_ENABLE_DEBUG_INFO = NO;
				MTL_FAST_MATH = YES;
				SDKROOT = iphoneos;
				SWIFT_COMPILATION_MODE = wholemodule;
				SWIFT_OPTIMIZATION_LEVEL = "-O";
				VALIDATE_PRODUCT = YES;
			};
			name = Release;
		};
		132F01902778612100A81796 /* Debug */ = {
			isa = XCBuildConfiguration;
			buildSettings = {
				ASSETCATALOG_COMPILER_APPICON_NAME = AppIcon;
				ASSETCATALOG_COMPILER_GLOBAL_ACCENT_COLOR_NAME = AccentColor;
				CODE_SIGN_STYLE = Automatic;
				CURRENT_PROJECT_VERSION = 1;
				DEVELOPMENT_TEAM = 5VM7ARKGV2;
				GENERATE_INFOPLIST_FILE = YES;
				INFOPLIST_FILE = Rodokijunho/Info.plist;
				INFOPLIST_KEY_CFBundleDisplayName = "アプリ労働基準法";
				INFOPLIST_KEY_UIApplicationSupportsIndirectInputEvents = YES;
				INFOPLIST_KEY_UILaunchStoryboardName = LaunchScreen;
				INFOPLIST_KEY_UIMainStoryboardFile = Main;
				INFOPLIST_KEY_UISupportedInterfaceOrientations = "UIInterfaceOrientationPortrait UIInterfaceOrientationPortraitUpsideDown";
				INFOPLIST_KEY_UISupportedInterfaceOrientations_iPad = "UIInterfaceOrientationPortrait UIInterfaceOrientationPortraitUpsideDown UIInterfaceOrientationLandscapeLeft UIInterfaceOrientationLandscapeRight";
				INFOPLIST_KEY_UISupportedInterfaceOrientations_iPhone = "UIInterfaceOrientationPortrait UIInterfaceOrientationPortraitUpsideDown";
				LD_RUNPATH_SEARCH_PATHS = (
					"$(inherited)",
					"@executable_path/Frameworks",
				);
				MARKETING_VERSION = 1.0;
				PRODUCT_BUNDLE_IDENTIFIER = chitomo12.Rodokijunho;
				PRODUCT_NAME = "$(TARGET_NAME)";
				SWIFT_EMIT_LOC_STRINGS = YES;
				SWIFT_VERSION = 5.0;
				TARGETED_DEVICE_FAMILY = "1,2";
			};
			name = Debug;
		};
		132F01912778612100A81796 /* Release */ = {
			isa = XCBuildConfiguration;
			buildSettings = {
				ASSETCATALOG_COMPILER_APPICON_NAME = AppIcon;
				ASSETCATALOG_COMPILER_GLOBAL_ACCENT_COLOR_NAME = AccentColor;
				CODE_SIGN_STYLE = Automatic;
				CURRENT_PROJECT_VERSION = 1;
				DEVELOPMENT_TEAM = 5VM7ARKGV2;
				GENERATE_INFOPLIST_FILE = YES;
				INFOPLIST_FILE = Rodokijunho/Info.plist;
				INFOPLIST_KEY_CFBundleDisplayName = "アプリ労働基準法";
				INFOPLIST_KEY_UIApplicationSupportsIndirectInputEvents = YES;
				INFOPLIST_KEY_UILaunchStoryboardName = LaunchScreen;
				INFOPLIST_KEY_UIMainStoryboardFile = Main;
				INFOPLIST_KEY_UISupportedInterfaceOrientations = "UIInterfaceOrientationPortrait UIInterfaceOrientationPortraitUpsideDown";
				INFOPLIST_KEY_UISupportedInterfaceOrientations_iPad = "UIInterfaceOrientationPortrait UIInterfaceOrientationPortraitUpsideDown UIInterfaceOrientationLandscapeLeft UIInterfaceOrientationLandscapeRight";
				INFOPLIST_KEY_UISupportedInterfaceOrientations_iPhone = "UIInterfaceOrientationPortrait UIInterfaceOrientationPortraitUpsideDown";
				LD_RUNPATH_SEARCH_PATHS = (
					"$(inherited)",
					"@executable_path/Frameworks",
				);
				MARKETING_VERSION = 1.0;
				PRODUCT_BUNDLE_IDENTIFIER = chitomo12.Rodokijunho;
				PRODUCT_NAME = "$(TARGET_NAME)";
				SWIFT_EMIT_LOC_STRINGS = YES;
				SWIFT_VERSION = 5.0;
				TARGETED_DEVICE_FAMILY = "1,2";
			};
			name = Release;
		};
/* End XCBuildConfiguration section */

/* Begin XCConfigurationList section */
		132F01762778611F00A81796 /* Build configuration list for PBXProject "Rodokijunho" */ = {
			isa = XCConfigurationList;
			buildConfigurations = (
				132F018D2778612100A81796 /* Debug */,
				132F018E2778612100A81796 /* Release */,
			);
			defaultConfigurationIsVisible = 0;
			defaultConfigurationName = Release;
		};
		132F018F2778612100A81796 /* Build configuration list for PBXNativeTarget "Rodokijunho" */ = {
			isa = XCConfigurationList;
			buildConfigurations = (
				132F01902778612100A81796 /* Debug */,
				132F01912778612100A81796 /* Release */,
			);
			defaultConfigurationIsVisible = 0;
			defaultConfigurationName = Release;
		};
/* End XCConfigurationList section */
	};
	rootObject = 132F01732778611F00A81796 /* Project object */;
}
